
Microsoft Visual Studio Solution File, Format Version 12.00
# Visual Studio 15
VisualStudioVersion = 15.0.27130.2027
MinimumVisualStudioVersion = 10.0.40219.1
Project("{E24C65DC-7377-472B-9ABA-BC803B73C61A}") = "I-Got-Mine(1)", ".", "{61978B18-D0F7-466B-806B-ECD5CE94E84A}"
	ProjectSection(WebsiteProperties) = preProject
		TargetFrameworkMoniker = ".NETFramework,Version%3Dv4.0"
		Debug.AspNetCompiler.VirtualPath = "/localhost_57531"
		Debug.AspNetCompiler.PhysicalPath = "..\I-Got-Mine\"
		Debug.AspNetCompiler.TargetPath = "PrecompiledWeb\localhost_57531\"
		Debug.AspNetCompiler.Updateable = "true"
		Debug.AspNetCompiler.ForceOverwrite = "true"
		Debug.AspNetCompiler.FixedNames = "false"
		Debug.AspNetCompiler.Debug = "True"
		Release.AspNetCompiler.VirtualPath = "/localhost_57531"
		Release.AspNetCompiler.PhysicalPath = "..\I-Got-Mine\"
		Release.AspNetCompiler.TargetPath = "PrecompiledWeb\localhost_57531\"
		Release.AspNetCompiler.Updateable = "true"
		Release.AspNetCompiler.ForceOverwrite = "true"
		Release.AspNetCompiler.FixedNames = "false"
		Release.AspNetCompiler.Debug = "False"
		VWDPort = "57531"
		SlnRelativePath = "..\I-Got-Mine\"
	EndProjectSection
EndProject
Global
	GlobalSection(SolutionConfigurationPlatforms) = preSolution
		Debug|Any CPU = Debug|Any CPU
	EndGlobalSection
	GlobalSection(ProjectConfigurationPlatforms) = postSolution
		{61978B18-D0F7-466B-806B-ECD5CE94E84A}.Debug|Any CPU.ActiveCfg = Debug|Any CPU
		{61978B18-D0F7-466B-806B-ECD5CE94E84A}.Debug|Any CPU.Build.0 = Debug|Any CPU
	EndGlobalSection
	GlobalSection(SolutionProperties) = preSolution
		HideSolutionNode = FALSE
	EndGlobalSection
	GlobalSection(ExtensibilityGlobals) = postSolution
		SolutionGuid = {A32FA74F-75A6-4852-924B-173DE56F0020}
	EndGlobalSection
EndGlobal
